// !$*UTF8*$!
{
	archiveVersion = 1;
	classes = {
	};
	objectVersion = 46;
	objects = {

/* Begin PBXBuildFile section */
		3D28392E16B8635E0081C0AD /* UIKit.framework in Frameworks */ = {isa = PBXBuildFile; fileRef = 3D28392D16B8635E0081C0AD /* UIKit.framework */; };
		3D28393016B8635E0081C0AD /* Foundation.framework in Frameworks */ = {isa = PBXBuildFile; fileRef = 3D28392F16B8635E0081C0AD /* Foundation.framework */; };
		3D28393216B8635E0081C0AD /* CoreGraphics.framework in Frameworks */ = {isa = PBXBuildFile; fileRef = 3D28393116B8635E0081C0AD /* CoreGraphics.framework */; };
		3D2839DA16B893450081C0AD /* Default-568h@2x.png in Resources */ = {isa = PBXBuildFile; fileRef = 3D2839CC16B893450081C0AD /* Default-568h@2x.png */; };
		3D2839DB16B893450081C0AD /* Default.png in Resources */ = {isa = PBXBuildFile; fileRef = 3D2839CD16B893450081C0AD /* Default.png */; };
		3D2839DC16B893450081C0AD /* Default@2x.png in Resources */ = {isa = PBXBuildFile; fileRef = 3D2839CE16B893450081C0AD /* Default@2x.png */; };
		3D2839DD16B893450081C0AD /* InfoPlist.strings in Resources */ = {isa = PBXBuildFile; fileRef = 3D2839CF16B893450081C0AD /* InfoPlist.strings */; };
		3D2839DE16B893450081C0AD /* SMViewController.xib in Resources */ = {isa = PBXBuildFile; fileRef = 3D2839D116B893450081C0AD /* SMViewController.xib */; };
		3D2839DF16B893450081C0AD /* main.m in Sources */ = {isa = PBXBuildFile; fileRef = 3D2839D316B893450081C0AD /* main.m */; };
		3D2839E016B893450081C0AD /* SMAppDelegate.m in Sources */ = {isa = PBXBuildFile; fileRef = 3D2839D516B893450081C0AD /* SMAppDelegate.m */; };
		3D2839E116B893450081C0AD /* SMFieldOrderer-Info.plist in Resources */ = {isa = PBXBuildFile; fileRef = 3D2839D616B893450081C0AD /* SMFieldOrderer-Info.plist */; };
		3D2839E216B893450081C0AD /* SMViewController.m in Sources */ = {isa = PBXBuildFile; fileRef = 3D2839D916B893450081C0AD /* SMViewController.m */; };
		3D2839E516B8935B0081C0AD /* SMFieldOrderer.m in Sources */ = {isa = PBXBuildFile; fileRef = 3D2839E416B893550081C0AD /* SMFieldOrderer.m */; };
/* End PBXBuildFile section */

/* Begin PBXFileReference section */
		3D28392916B8635E0081C0AD /* SMFieldOrderer.app */ = {isa = PBXFileReference; explicitFileType = wrapper.application; includeInIndex = 0; path = SMFieldOrderer.app; sourceTree = BUILT_PRODUCTS_DIR; };
		3D28392D16B8635E0081C0AD /* UIKit.framework */ = {isa = PBXFileReference; lastKnownFileType = wrapper.framework; name = UIKit.framework; path = System/Library/Frameworks/UIKit.framework; sourceTree = SDKROOT; };
		3D28392F16B8635E0081C0AD /* Foundation.framework */ = {isa = PBXFileReference; lastKnownFileType = wrapper.framework; name = Foundation.framework; path = System/Library/Frameworks/Foundation.framework; sourceTree = SDKROOT; };
		3D28393116B8635E0081C0AD /* CoreGraphics.framework */ = {isa = PBXFileReference; lastKnownFileType = wrapper.framework; name = CoreGraphics.framework; path = System/Library/Frameworks/CoreGraphics.framework; sourceTree = SDKROOT; };
		3D2839CC16B893450081C0AD /* Default-568h@2x.png */ = {isa = PBXFileReference; lastKnownFileType = image.png; path = "Default-568h@2x.png"; sourceTree = "<group>"; };
		3D2839CD16B893450081C0AD /* Default.png */ = {isa = PBXFileReference; lastKnownFileType = image.png; path = Default.png; sourceTree = "<group>"; };
		3D2839CE16B893450081C0AD /* Default@2x.png */ = {isa = PBXFileReference; lastKnownFileType = image.png; path = "Default@2x.png"; sourceTree = "<group>"; };
		3D2839D016B893450081C0AD /* en */ = {isa = PBXFileReference; lastKnownFileType = text.plist.strings; name = en; path = en.lproj/InfoPlist.strings; sourceTree = "<group>"; };
		3D2839D216B893450081C0AD /* en */ = {isa = PBXFileReference; lastKnownFileType = file.xib; name = en; path = en.lproj/SMViewController.xib; sourceTree = "<group>"; };
		3D2839D316B893450081C0AD /* main.m */ = {isa = PBXFileReference; fileEncoding = 4; lastKnownFileType = sourcecode.c.objc; path = main.m; sourceTree = "<group>"; };
		3D2839D416B893450081C0AD /* SMAppDelegate.h */ = {isa = PBXFileReference; fileEncoding = 4; lastKnownFileType = sourcecode.c.h; path = SMAppDelegate.h; sourceTree = "<group>"; };
		3D2839D516B893450081C0AD /* SMAppDelegate.m */ = {isa = PBXFileReference; fileEncoding = 4; lastKnownFileType = sourcecode.c.objc; path = SMAppDelegate.m; sourceTree = "<group>"; };
		3D2839D616B893450081C0AD /* SMFieldOrderer-Info.plist */ = {isa = PBXFileReference; fileEncoding = 4; lastKnownFileType = text.plist.xml; path = "SMFieldOrderer-Info.plist"; sourceTree = "<group>"; };
		3D2839D716B893450081C0AD /* SMFieldOrderer-Prefix.pch */ = {isa = PBXFileReference; fileEncoding = 4; lastKnownFileType = sourcecode.c.h; path = "SMFieldOrderer-Prefix.pch"; sourceTree = "<group>"; };
		3D2839D816B893450081C0AD /* SMViewController.h */ = {isa = PBXFileReference; fileEncoding = 4; lastKnownFileType = sourcecode.c.h; path = SMViewController.h; sourceTree = "<group>"; };
		3D2839D916B893450081C0AD /* SMViewController.m */ = {isa = PBXFileReference; fileEncoding = 4; lastKnownFileType = sourcecode.c.objc; path = SMViewController.m; sourceTree = "<group>"; };
		3D2839E316B893550081C0AD /* SMFieldOrderer.h */ = {isa = PBXFileReference; lastKnownFileType = sourcecode.c.h; name = SMFieldOrderer.h; path = ../SMFieldOrderer/SMFieldOrderer.h; sourceTree = "<group>"; };
		3D2839E416B893550081C0AD /* SMFieldOrderer.m */ = {isa = PBXFileReference; lastKnownFileType = sourcecode.c.objc; name = SMFieldOrderer.m; path = ../SMFieldOrderer/SMFieldOrderer.m; sourceTree = "<group>"; };
/* End PBXFileReference section */

/* Begin PBXFrameworksBuildPhase section */
		3D28392616B8635E0081C0AD /* Frameworks */ = {
			isa = PBXFrameworksBuildPhase;
			buildActionMask = 2147483647;
			files = (
				3D28392E16B8635E0081C0AD /* UIKit.framework in Frameworks */,
				3D28393016B8635E0081C0AD /* Foundation.framework in Frameworks */,
				3D28393216B8635E0081C0AD /* CoreGraphics.framework in Frameworks */,
			);
			runOnlyForDeploymentPostprocessing = 0;
		};
/* End PBXFrameworksBuildPhase section */

/* Begin PBXGroup section */
		3D28391E16B8635E0081C0AD = {
			isa = PBXGroup;
			children = (
				3D2839E316B893550081C0AD /* SMFieldOrderer.h */,
				3D2839E416B893550081C0AD /* SMFieldOrderer.m */,
				3D2839CB16B893450081C0AD /* SMFieldOrderer */,
				3D28392C16B8635E0081C0AD /* Frameworks */,
				3D28392A16B8635E0081C0AD /* Products */,
			);
			sourceTree = "<group>";
		};
		3D28392A16B8635E0081C0AD /* Products */ = {
			isa = PBXGroup;
			children = (
				3D28392916B8635E0081C0AD /* SMFieldOrderer.app */,
			);
			name = Products;
			sourceTree = "<group>";
		};
		3D28392C16B8635E0081C0AD /* Frameworks */ = {
			isa = PBXGroup;
			children = (
				3D28392D16B8635E0081C0AD /* UIKit.framework */,
				3D28392F16B8635E0081C0AD /* Foundation.framework */,
				3D28393116B8635E0081C0AD /* CoreGraphics.framework */,
			);
			name = Frameworks;
			sourceTree = "<group>";
		};
		3D2839CB16B893450081C0AD /* SMFieldOrderer */ = {
			isa = PBXGroup;
			children = (
				3D2839CC16B893450081C0AD /* Default-568h@2x.png */,
				3D2839CD16B893450081C0AD /* Default.png */,
				3D2839CE16B893450081C0AD /* Default@2x.png */,
				3D2839E616B8938C0081C0AD /* Application */,
				3D2839D416B893450081C0AD /* SMAppDelegate.h */,
				3D2839D516B893450081C0AD /* SMAppDelegate.m */,
				3D2839D816B893450081C0AD /* SMViewController.h */,
				3D2839D916B893450081C0AD /* SMViewController.m */,
				3D2839D116B893450081C0AD /* SMViewController.xib */,
			);
			path = SMFieldOrderer;
			sourceTree = "<group>";
		};
		3D2839E616B8938C0081C0AD /* Application */ = {
			isa = PBXGroup;
			children = (
				3D2839D616B893450081C0AD /* SMFieldOrderer-Info.plist */,
				3D2839D716B893450081C0AD /* SMFieldOrderer-Prefix.pch */,
				3D2839CF16B893450081C0AD /* InfoPlist.strings */,
				3D2839D316B893450081C0AD /* main.m */,
			);
			name = Application;
			sourceTree = "<group>";
		};
/* End PBXGroup section */

/* Begin PBXNativeTarget section */
		3D28392816B8635E0081C0AD /* SMFieldOrderer */ = {
			isa = PBXNativeTarget;
			buildConfigurationList = 3D28394D16B8635E0081C0AD /* Build configuration list for PBXNativeTarget "SMFieldOrderer" */;
			buildPhases = (
				3D28392516B8635E0081C0AD /* Sources */,
				3D28392616B8635E0081C0AD /* Frameworks */,
				3D28392716B8635E0081C0AD /* Resources */,
			);
			buildRules = (
			);
			dependencies = (
			);
			name = SMFieldOrderer;
			productName = SMFieldOrderer;
			productReference = 3D28392916B8635E0081C0AD /* SMFieldOrderer.app */;
			productType = "com.apple.product-type.application";
		};
/* End PBXNativeTarget section */

/* Begin PBXProject section */
		3D28392016B8635E0081C0AD /* Project object */ = {
			isa = PBXProject;
			attributes = {
				CLASSPREFIX = SM;
				LastUpgradeCheck = 0450;
				ORGANIZATIONNAME = "Spaceman Labs, Inc.";
			};
			buildConfigurationList = 3D28392316B8635E0081C0AD /* Build configuration list for PBXProject "SMFieldOrderer" */;
			compatibilityVersion = "Xcode 3.2";
			developmentRegion = English;
			hasScannedForEncodings = 0;
			knownRegions = (
				en,
			);
			mainGroup = 3D28391E16B8635E0081C0AD;
			productRefGroup = 3D28392A16B8635E0081C0AD /* Products */;
			projectDirPath = "";
			projectRoot = "";
			targets = (
				3D28392816B8635E0081C0AD /* SMFieldOrderer */,
			);
		};
/* End PBXProject section */

/* Begin PBXResourcesBuildPhase section */
		3D28392716B8635E0081C0AD /* Resources */ = {
			isa = PBXResourcesBuildPhase;
			buildActionMask = 2147483647;
			files = (
				3D2839DA16B893450081C0AD /* Default-568h@2x.png in Resources */,
				3D2839DB16B893450081C0AD /* Default.png in Resources */,
				3D2839DC16B893450081C0AD /* Default@2x.png in Resources */,
				3D2839DD16B893450081C0AD /* InfoPlist.strings in Resources */,
				3D2839DE16B893450081C0AD /* SMViewController.xib in Resources */,
				3D2839E116B893450081C0AD /* SMFieldOrderer-Info.plist in Resources */,
			);
			runOnlyForDeploymentPostprocessing = 0;
		};
/* End PBXResourcesBuildPhase section */

/* Begin PBXSourcesBuildPhase section */
		3D28392516B8635E0081C0AD /* Sources */ = {
			isa = PBXSourcesBuildPhase;
			buildActionMask = 2147483647;
			files = (
				3D2839DF16B893450081C0AD /* main.m in Sources */,
				3D2839E016B893450081C0AD /* SMAppDelegate.m in Sources */,
				3D2839E216B893450081C0AD /* SMViewController.m in Sources */,
				3D2839E516B8935B0081C0AD /* SMFieldOrderer.m in Sources */,
			);
			runOnlyForDeploymentPostprocessing = 0;
		};
/* End PBXSourcesBuildPhase section */

/* Begin PBXVariantGroup section */
		3D2839CF16B893450081C0AD /* InfoPlist.strings */ = {
			isa = PBXVariantGroup;
			children = (
				3D2839D016B893450081C0AD /* en */,
			);
			name = InfoPlist.strings;
			sourceTree = "<group>";
		};
		3D2839D116B893450081C0AD /* SMViewController.xib */ = {
			isa = PBXVariantGroup;
			children = (
				3D2839D216B893450081C0AD /* en */,
			);
			name = SMViewController.xib;
			sourceTree = "<group>";
		};
/* End PBXVariantGroup section */

/* Begin XCBuildConfiguration section */
		3D28394B16B8635E0081C0AD /* Debug */ = {
			isa = XCBuildConfiguration;
			buildSettings = {
				ALWAYS_SEARCH_USER_PATHS = NO;
				CLANG_CXX_LANGUAGE_STANDARD = "gnu++0x";
				CLANG_CXX_LIBRARY = "libc++";
				CLANG_ENABLE_OBJC_ARC = YES;
				CLANG_WARN_EMPTY_BODY = YES;
				CLANG_WARN__DUPLICATE_METHOD_MATCH = YES;
				"CODE_SIGN_IDENTITY[sdk=iphoneos*]" = "iPhone Developer";
				COPY_PHASE_STRIP = NO;
				GCC_C_LANGUAGE_STANDARD = gnu99;
				GCC_DYNAMIC_NO_PIC = NO;
				GCC_OPTIMIZATION_LEVEL = 0;
				GCC_PREPROCESSOR_DEFINITIONS = (
					"DEBUG=1",
					"$(inherited)",
				);
				GCC_SYMBOLS_PRIVATE_EXTERN = NO;
				GCC_WARN_ABOUT_RETURN_TYPE = YES;
				GCC_WARN_UNINITIALIZED_AUTOS = YES;
				GCC_WARN_UNUSED_VARIABLE = YES;
				IPHONEOS_DEPLOYMENT_TARGET = 6.0;
				ONLY_ACTIVE_ARCH = YES;
				SDKROOT = iphoneos;
			};
			name = Debug;
		};
		3D28394C16B8635E0081C0AD /* Release */ = {
			isa = XCBuildConfiguration;
			buildSettings = {
				ALWAYS_SEARCH_USER_PATHS = NO;
				CLANG_CXX_LANGUAGE_STANDARD = "gnu++0x";
				CLANG_CXX_LIBRARY = "libc++";
				CLANG_ENABLE_OBJC_ARC = YES;
				CLANG_WARN_EMPTY_BODY = YES;
				CLANG_WARN__DUPLICATE_METHOD_MATCH = YES;
				"CODE_SIGN_IDENTITY[sdk=iphoneos*]" = "iPhone Developer";
				COPY_PHASE_STRIP = YES;
				GCC_C_LANGUAGE_STANDARD = gnu99;
				GCC_WARN_ABOUT_RETURN_TYPE = YES;
				GCC_WARN_UNINITIALIZED_AUTOS = YES;
				GCC_WARN_UNUSED_VARIABLE = YES;
				IPHONEOS_DEPLOYMENT_TARGET = 6.0;
				OTHER_CFLAGS = "-DNS_BLOCK_ASSERTIONS=1";
				SDKROOT = iphoneos;
				VALIDATE_PRODUCT = YES;
			};
			name = Release;
		};
		3D28394E16B8635E0081C0AD /* Debug */ = {
			isa = XCBuildConfiguration;
			buildSettings = {
				GCC_PRECOMPILE_PREFIX_HEADER = YES;
				GCC_PREFIX_HEADER = "SMFieldOrderer/SMFieldOrderer-Prefix.pch";
				INFOPLIST_FILE = "SMFieldOrderer/SMFieldOrderer-Info.plist";
				PRODUCT_NAME = "$(TARGET_NAME)";
				WRAPPER_EXTENSION = app;
			};
			name = Debug;
		};
		3D28394F16B8635E0081C0AD /* Release */ = {
			isa = XCBuildConfiguration;
			buildSettings = {
				GCC_PRECOMPILE_PREFIX_HEADER = YES;
				GCC_PREFIX_HEADER = "SMFieldOrderer/SMFieldOrderer-Prefix.pch";
				INFOPLIST_FILE = "SMFieldOrderer/SMFieldOrderer-Info.plist";
				PRODUCT_NAME = "$(TARGET_NAME)";
				WRAPPER_EXTENSION = app;
			};
			name = Release;
		};
/* End XCBuildConfiguration section */

/* Begin XCConfigurationList section */
		3D28392316B8635E0081C0AD /* Build configuration list for PBXProject "SMFieldOrderer" */ = {
			isa = XCConfigurationList;
			buildConfigurations = (
				3D28394B16B8635E0081C0AD /* Debug */,
				3D28394C16B8635E0081C0AD /* Release */,
			);
			defaultConfigurationIsVisible = 0;
			defaultConfigurationName = Release;
		};
		3D28394D16B8635E0081C0AD /* Build configuration list for PBXNativeTarget "SMFieldOrderer" */ = {
			isa = XCConfigurationList;
			buildConfigurations = (
				3D28394E16B8635E0081C0AD /* Debug */,
				3D28394F16B8635E0081C0AD /* Release */,
			);
			defaultConfigurationIsVisible = 0;
			defaultConfigurationName = Release;
		};
/* End XCConfigurationList section */
	};
	rootObject = 3D28392016B8635E0081C0AD /* Project object */;
}
